
Microsoft Visual Studio Solution File, Format Version 12.00
# Visual Studio 15
VisualStudioVersion = 15.0.28010.2036
MinimumVisualStudioVersion = 10.0.40219.1
Project("{FAE04EC0-301F-11D3-BF4B-00C04F79EFBC}") = "Wind", "Wind\Wind.csproj", "{0B970160-534E-49D7-A517-6795093E64A7}"
EndProject
Global
	GlobalSection(SolutionConfigurationPlatforms) = preSolution
		Debug|Any CPU = Debug|Any CPU
		Release|Any CPU = Release|Any CPU
	EndGlobalSection
	GlobalSection(ProjectConfigurationPlatforms) = postSolution
		{0B970160-534E-49D7-A517-6795093E64A7}.Debug|Any CPU.ActiveCfg = Debug|Any CPU
		{0B970160-534E-49D7-A517-6795093E64A7}.Debug|Any CPU.Build.0 = Debug|Any CPU
		{0B970160-534E-49D7-A517-6795093E64A7}.Release|Any CPU.ActiveCfg = Release|Any CPU
		{0B970160-534E-49D7-A517-6795093E64A7}.Release|Any CPU.Build.0 = Release|Any CPU
	EndGlobalSection
	GlobalSection(SolutionProperties) = preSolution
		HideSolutionNode = FALSE
	EndGlobalSection
	GlobalSection(ExtensibilityGlobals) = postSolution
		SolutionGuid = {B2F9792C-5EEC-4E42-86E8-180A80D96196}
	EndGlobalSection
EndGlobal
